// !$*UTF8*$!
{
	archiveVersion = 1;
	classes = {
	};
	objectVersion = 55;
	objects = {

/* Begin PBXBuildFile section */
		1D8A573D28C51C4000882347 /* AppDelegate.swift in Sources */ = {isa = PBXBuildFile; fileRef = 1D8A573C28C51C4000882347 /* AppDelegate.swift */; };
		1D8A573F28C51C4000882347 /* SceneDelegate.swift in Sources */ = {isa = PBXBuildFile; fileRef = 1D8A573E28C51C4000882347 /* SceneDelegate.swift */; };
		1D8A574128C51C4000882347 /* ViewController.swift in Sources */ = {isa = PBXBuildFile; fileRef = 1D8A574028C51C4000882347 /* ViewController.swift */; };
		1D8A574428C51C4000882347 /* Main.storyboard in Resources */ = {isa = PBXBuildFile; fileRef = 1D8A574228C51C4000882347 /* Main.storyboard */; };
		1D8A574628C51C4100882347 /* Assets.xcassets in Resources */ = {isa = PBXBuildFile; fileRef = 1D8A574528C51C4100882347 /* Assets.xcassets */; };
		1D8A574928C51C4100882347 /* LaunchScreen.storyboard in Resources */ = {isa = PBXBuildFile; fileRef = 1D8A574728C51C4100882347 /* LaunchScreen.storyboard */; };
		1DBCC77728C6691200658A4F /* WeatherData.swift in Sources */ = {isa = PBXBuildFile; fileRef = 1DBCC77628C6691200658A4F /* WeatherData.swift */; };
		1DBCC77928C674B800658A4F /* WeatherModel.swift in Sources */ = {isa = PBXBuildFile; fileRef = 1DBCC77828C674B800658A4F /* WeatherModel.swift */; };
		1DBCC77B28C6765A00658A4F /* WeatherManager.swift in Sources */ = {isa = PBXBuildFile; fileRef = 1DBCC77A28C6765A00658A4F /* WeatherManager.swift */; };
/* End PBXBuildFile section */

/* Begin PBXFileReference section */
		1D8A573928C51C4000882347 /* MinimalisticWeather.app */ = {isa = PBXFileReference; explicitFileType = wrapper.application; includeInIndex = 0; path = MinimalisticWeather.app; sourceTree = BUILT_PRODUCTS_DIR; };
		1D8A573C28C51C4000882347 /* AppDelegate.swift */ = {isa = PBXFileReference; lastKnownFileType = sourcecode.swift; path = AppDelegate.swift; sourceTree = "<group>"; };
		1D8A573E28C51C4000882347 /* SceneDelegate.swift */ = {isa = PBXFileReference; lastKnownFileType = sourcecode.swift; path = SceneDelegate.swift; sourceTree = "<group>"; };
		1D8A574028C51C4000882347 /* ViewController.swift */ = {isa = PBXFileReference; lastKnownFileType = sourcecode.swift; path = ViewController.swift; sourceTree = "<group>"; };
		1D8A574328C51C4000882347 /* Base */ = {isa = PBXFileReference; lastKnownFileType = file.storyboard; name = Base; path = Base.lproj/Main.storyboard; sourceTree = "<group>"; };
		1D8A574528C51C4100882347 /* Assets.xcassets */ = {isa = PBXFileReference; lastKnownFileType = folder.assetcatalog; path = Assets.xcassets; sourceTree = "<group>"; };
		1D8A574828C51C4100882347 /* Base */ = {isa = PBXFileReference; lastKnownFileType = file.storyboard; name = Base; path = Base.lproj/LaunchScreen.storyboard; sourceTree = "<group>"; };
		1D8A574A28C51C4100882347 /* Info.plist */ = {isa = PBXFileReference; lastKnownFileType = text.plist.xml; path = Info.plist; sourceTree = "<group>"; };
		1DBCC77628C6691200658A4F /* WeatherData.swift */ = {isa = PBXFileReference; lastKnownFileType = sourcecode.swift; path = WeatherData.swift; sourceTree = "<group>"; };
		1DBCC77828C674B800658A4F /* WeatherModel.swift */ = {isa = PBXFileReference; lastKnownFileType = sourcecode.swift; path = WeatherModel.swift; sourceTree = "<group>"; };
		1DBCC77A28C6765A00658A4F /* WeatherManager.swift */ = {isa = PBXFileReference; lastKnownFileType = sourcecode.swift; path = WeatherManager.swift; sourceTree = "<group>"; };
/* End PBXFileReference section */

/* Begin PBXFrameworksBuildPhase section */
		1D8A573628C51C4000882347 /* Frameworks */ = {
			isa = PBXFrameworksBuildPhase;
			buildActionMask = 2147483647;
			files = (
			);
			runOnlyForDeploymentPostprocessing = 0;
		};
/* End PBXFrameworksBuildPhase section */

/* Begin PBXGroup section */
		1D8A573028C51C4000882347 = {
			isa = PBXGroup;
			children = (
				1D8A573B28C51C4000882347 /* MinimalisticWeather */,
				1D8A573A28C51C4000882347 /* Products */,
			);
			sourceTree = "<group>";
		};
		1D8A573A28C51C4000882347 /* Products */ = {
			isa = PBXGroup;
			children = (
				1D8A573928C51C4000882347 /* MinimalisticWeather.app */,
			);
			name = Products;
			sourceTree = "<group>";
		};
		1D8A573B28C51C4000882347 /* MinimalisticWeather */ = {
			isa = PBXGroup;
			children = (
				1D8A573C28C51C4000882347 /* AppDelegate.swift */,
				1D8A573E28C51C4000882347 /* SceneDelegate.swift */,
				1D8A575128C5401200882347 /* Model */,
				1D8A575228C5401C00882347 /* View */,
				1D8A575028C5400600882347 /* Controller */,
				1D8A574528C51C4100882347 /* Assets.xcassets */,
				1D8A574728C51C4100882347 /* LaunchScreen.storyboard */,
				1D8A574A28C51C4100882347 /* Info.plist */,
			);
			path = MinimalisticWeather;
			sourceTree = "<group>";
		};
		1D8A575028C5400600882347 /* Controller */ = {
			isa = PBXGroup;
			children = (
				1D8A574028C51C4000882347 /* ViewController.swift */,
			);
			path = Controller;
			sourceTree = "<group>";
		};
		1D8A575128C5401200882347 /* Model */ = {
			isa = PBXGroup;
			children = (
				1DBCC77628C6691200658A4F /* WeatherData.swift */,
				1DBCC77828C674B800658A4F /* WeatherModel.swift */,
				1DBCC77A28C6765A00658A4F /* WeatherManager.swift */,
			);
			path = Model;
			sourceTree = "<group>";
		};
		1D8A575228C5401C00882347 /* View */ = {
			isa = PBXGroup;
			children = (
				1D8A574228C51C4000882347 /* Main.storyboard */,
			);
			path = View;
			sourceTree = "<group>";
		};
/* End PBXGroup section */

/* Begin PBXNativeTarget section */
		1D8A573828C51C4000882347 /* MinimalisticWeather */ = {
			isa = PBXNativeTarget;
			buildConfigurationList = 1D8A574D28C51C4100882347 /* Build configuration list for PBXNativeTarget "MinimalisticWeather" */;
			buildPhases = (
				1D8A573528C51C4000882347 /* Sources */,
				1D8A573628C51C4000882347 /* Frameworks */,
				1D8A573728C51C4000882347 /* Resources */,
			);
			buildRules = (
			);
			dependencies = (
			);
			name = MinimalisticWeather;
			productName = MinimalisticWeather;
			productReference = 1D8A573928C51C4000882347 /* MinimalisticWeather.app */;
			productType = "com.apple.product-type.application";
		};
/* End PBXNativeTarget section */

/* Begin PBXProject section */
		1D8A573128C51C4000882347 /* Project object */ = {
			isa = PBXProject;
			attributes = {
				BuildIndependentTargetsInParallel = 1;
				LastSwiftUpdateCheck = 1340;
				LastUpgradeCheck = 1340;
				TargetAttributes = {
					1D8A573828C51C4000882347 = {
						CreatedOnToolsVersion = 13.4.1;
					};
				};
			};
			buildConfigurationList = 1D8A573428C51C4000882347 /* Build configuration list for PBXProject "MinimalisticWeather" */;
			compatibilityVersion = "Xcode 13.0";
			developmentRegion = en;
			hasScannedForEncodings = 0;
			knownRegions = (
				en,
				Base,
			);
			mainGroup = 1D8A573028C51C4000882347;
			productRefGroup = 1D8A573A28C51C4000882347 /* Products */;
			projectDirPath = "";
			projectRoot = "";
			targets = (
				1D8A573828C51C4000882347 /* MinimalisticWeather */,
			);
		};
/* End PBXProject section */

/* Begin PBXResourcesBuildPhase section */
		1D8A573728C51C4000882347 /* Resources */ = {
			isa = PBXResourcesBuildPhase;
			buildActionMask = 2147483647;
			files = (
				1D8A574928C51C4100882347 /* LaunchScreen.storyboard in Resources */,
				1D8A574628C51C4100882347 /* Assets.xcassets in Resources */,
				1D8A574428C51C4000882347 /* Main.storyboard in Resources */,
			);
			runOnlyForDeploymentPostprocessing = 0;
		};
/* End PBXResourcesBuildPhase section */

/* Begin PBXSourcesBuildPhase section */
		1D8A573528C51C4000882347 /* Sources */ = {
			isa = PBXSourcesBuildPhase;
			buildActionMask = 2147483647;
			files = (
				1DBCC77B28C6765A00658A4F /* WeatherManager.swift in Sources */,
				1D8A574128C51C4000882347 /* ViewController.swift in Sources */,
				1D8A573D28C51C4000882347 /* AppDelegate.swift in Sources */,
				1DBCC77728C6691200658A4F /* WeatherData.swift in Sources */,
				1D8A573F28C51C4000882347 /* SceneDelegate.swift in Sources */,
				1DBCC77928C674B800658A4F /* WeatherModel.swift in Sources */,
			);
			runOnlyForDeploymentPostprocessing = 0;
		};
/* End PBXSourcesBuildPhase section */

/* Begin PBXVariantGroup section */
		1D8A574228C51C4000882347 /* Main.storyboard */ = {
			isa = PBXVariantGroup;
			children = (
				1D8A574328C51C4000882347 /* Base */,
			);
			name = Main.storyboard;
			sourceTree = "<group>";
		};
		1D8A574728C51C4100882347 /* LaunchScreen.storyboard */ = {
			isa = PBXVariantGroup;
			children = (
				1D8A574828C51C4100882347 /* Base */,
			);
			name = LaunchScreen.storyboard;
			sourceTree = "<group>";
		};
/* End PBXVariantGroup section */

/* Begin XCBuildConfiguration section */
		1D8A574B28C51C4100882347 /* Debug */ = {
			isa = XCBuildConfiguration;
			buildSettings = {
				ALWAYS_SEARCH_USER_PATHS = NO;
				CLANG_ANALYZER_NONNULL = YES;
				CLANG_ANALYZER_NUMBER_OBJECT_CONVERSION = YES_AGGRESSIVE;
				CLANG_CXX_LANGUAGE_STANDARD = "gnu++17";
				CLANG_ENABLE_MODULES = YES;
				CLANG_ENABLE_OBJC_ARC = YES;
				CLANG_ENABLE_OBJC_WEAK = YES;
				CLANG_WARN_BLOCK_CAPTURE_AUTORELEASING = YES;
				CLANG_WARN_BOOL_CONVERSION = YES;
				CLANG_WARN_COMMA = YES;
				CLANG_WARN_CONSTANT_CONVERSION = YES;
				CLANG_WARN_DEPRECATED_OBJC_IMPLEMENTATIONS = YES;
				CLANG_WARN_DIRECT_OBJC_ISA_USAGE = YES_ERROR;
				CLANG_WARN_DOCUMENTATION_COMMENTS = YES;
				CLANG_WARN_EMPTY_BODY = YES;
				CLANG_WARN_ENUM_CONVERSION = YES;
				CLANG_WARN_INFINITE_RECURSION = YES;
				CLANG_WARN_INT_CONVERSION = YES;
				CLANG_WARN_NON_LITERAL_NULL_CONVERSION = YES;
				CLANG_WARN_OBJC_IMPLICIT_RETAIN_SELF = YES;
				CLANG_WARN_OBJC_LITERAL_CONVERSION = YES;
				CLANG_WARN_OBJC_ROOT_CLASS = YES_ERROR;
				CLANG_WARN_QUOTED_INCLUDE_IN_FRAMEWORK_HEADER = YES;
				CLANG_WARN_RANGE_LOOP_ANALYSIS = YES;
				CLANG_WARN_STRICT_PROTOTYPES = YES;
				CLANG_WARN_SUSPICIOUS_MOVE = YES;
				CLANG_WARN_UNGUARDED_AVAILABILITY = YES_AGGRESSIVE;
				CLANG_WARN_UNREACHABLE_CODE = YES;
				CLANG_WARN__DUPLICATE_METHOD_MATCH = YES;
				COPY_PHASE_STRIP = NO;
				DEBUG_INFORMATION_FORMAT = dwarf;
				ENABLE_STRICT_OBJC_MSGSEND = YES;
				ENABLE_TESTABILITY = YES;
				GCC_C_LANGUAGE_STANDARD = gnu11;
				GCC_DYNAMIC_NO_PIC = NO;
				GCC_NO_COMMON_BLOCKS = YES;
				GCC_OPTIMIZATION_LEVEL = 0;
				GCC_PREPROCESSOR_DEFINITIONS = (
					"DEBUG=1",
					"$(inherited)",
				);
				GCC_WARN_64_TO_32_BIT_CONVERSION = YES;
				GCC_WARN_ABOUT_RETURN_TYPE = YES_ERROR;
				GCC_WARN_UNDECLARED_SELECTOR = YES;
				GCC_WARN_UNINITIALIZED_AUTOS = YES_AGGRESSIVE;
				GCC_WARN_UNUSED_FUNCTION = YES;
				GCC_WARN_UNUSED_VARIABLE = YES;
				IPHONEOS_DEPLOYMENT_TARGET = 15.5;
				MTL_ENABLE_DEBUG_INFO = INCLUDE_SOURCE;
				MTL_FAST_MATH = YES;
				ONLY_ACTIVE_ARCH = YES;
				SDKROOT = iphoneos;
				SWIFT_ACTIVE_COMPILATION_CONDITIONS = DEBUG;
				SWIFT_OPTIMIZATION_LEVEL = "-Onone";
			};
			name = Debug;
		};
		1D8A574C28C51C4100882347 /* Release */ = {
			isa = XCBuildConfiguration;
			buildSettings = {
				ALWAYS_SEARCH_USER_PATHS = NO;
				CLANG_ANALYZER_NONNULL = YES;
				CLANG_ANALYZER_NUMBER_OBJECT_CONVERSION = YES_AGGRESSIVE;
				CLANG_CXX_LANGUAGE_STANDARD = "gnu++17";
				CLANG_ENABLE_MODULES = YES;
				CLANG_ENABLE_OBJC_ARC = YES;
				CLANG_ENABLE_OBJC_WEAK = YES;
				CLANG_WARN_BLOCK_CAPTURE_AUTORELEASING = YES;
				CLANG_WARN_BOOL_CONVERSION = YES;
				CLANG_WARN_COMMA = YES;
				CLANG_WARN_CONSTANT_CONVERSION = YES;
				CLANG_WARN_DEPRECATED_OBJC_IMPLEMENTATIONS = YES;
				CLANG_WARN_DIRECT_OBJC_ISA_USAGE = YES_ERROR;
				CLANG_WARN_DOCUMENTATION_COMMENTS = YES;
				CLANG_WARN_EMPTY_BODY = YES;
				CLANG_WARN_ENUM_CONVERSION = YES;
				CLANG_WARN_INFINITE_RECURSION = YES;
				CLANG_WARN_INT_CONVERSION = YES;
				CLANG_WARN_NON_LITERAL_NULL_CONVERSION = YES;
				CLANG_WARN_OBJC_IMPLICIT_RETAIN_SELF = YES;
				CLANG_WARN_OBJC_LITERAL_CONVERSION = YES;
				CLANG_WARN_OBJC_ROOT_CLASS = YES_ERROR;
				CLANG_WARN_QUOTED_INCLUDE_IN_FRAMEWORK_HEADER = YES;
				CLANG_WARN_RANGE_LOOP_ANALYSIS = YES;
				CLANG_WARN_STRICT_PROTOTYPES = YES;
				CLANG_WARN_SUSPICIOUS_MOVE = YES;
				CLANG_WARN_UNGUARDED_AVAILABILITY = YES_AGGRESSIVE;
				CLANG_WARN_UNREACHABLE_CODE = YES;
				CLANG_WARN__DUPLICATE_METHOD_MATCH = YES;
				COPY_PHASE_STRIP = NO;
				DEBUG_INFORMATION_FORMAT = "dwarf-with-dsym";
				ENABLE_NS_ASSERTIONS = NO;
				ENABLE_STRICT_OBJC_MSGSEND = YES;
				GCC_C_LANGUAGE_STANDARD = gnu11;
				GCC_NO_COMMON_BLOCKS = YES;
				GCC_WARN_64_TO_32_BIT_CONVERSION = YES;
				GCC_WARN_ABOUT_RETURN_TYPE = YES_ERROR;
				GCC_WARN_UNDECLARED_SELECTOR = YES;
				GCC_WARN_UNINITIALIZED_AUTOS = YES_AGGRESSIVE;
				GCC_WARN_UNUSED_FUNCTION = YES;
				GCC_WARN_UNUSED_VARIABLE = YES;
				IPHONEOS_DEPLOYMENT_TARGET = 15.5;
				MTL_ENABLE_DEBUG_INFO = NO;
				MTL_FAST_MATH = YES;
				SDKROOT = iphoneos;
				SWIFT_COMPILATION_MODE = wholemodule;
				SWIFT_OPTIMIZATION_LEVEL = "-O";
				VALIDATE_PRODUCT = YES;
			};
			name = Release;
		};
		1D8A574E28C51C4100882347 /* Debug */ = {
			isa = XCBuildConfiguration;
			buildSettings = {
				ASSETCATALOG_COMPILER_APPICON_NAME = AppIcon;
				ASSETCATALOG_COMPILER_GLOBAL_ACCENT_COLOR_NAME = AccentColor;
				ASSETCATALOG_COMPILER_INCLUDE_ALL_APPICON_ASSETS = YES;
				CODE_SIGN_STYLE = Automatic;
				CURRENT_PROJECT_VERSION = 1;
				DEVELOPMENT_TEAM = ZRUHGQ5JX4;
				GENERATE_INFOPLIST_FILE = YES;
				INFOPLIST_FILE = MinimalisticWeather/Info.plist;
				INFOPLIST_KEY_UIApplicationSupportsIndirectInputEvents = YES;
				INFOPLIST_KEY_UILaunchStoryboardName = LaunchScreen;
				INFOPLIST_KEY_UIMainStoryboardFile = Main;
				INFOPLIST_KEY_UISupportedInterfaceOrientations = UIInterfaceOrientationPortrait;
				INFOPLIST_KEY_UISupportedInterfaceOrientations_iPad = "UIInterfaceOrientationPortrait UIInterfaceOrientationPortraitUpsideDown UIInterfaceOrientationLandscapeLeft UIInterfaceOrientationLandscapeRight";
				INFOPLIST_KEY_UISupportedInterfaceOrientations_iPhone = "UIInterfaceOrientationPortrait UIInterfaceOrientationLandscapeLeft UIInterfaceOrientationLandscapeRight";
				IPHONEOS_DEPLOYMENT_TARGET = 15.5;
				LD_RUNPATH_SEARCH_PATHS = (
					"$(inherited)",
					"@executable_path/Frameworks",
				);
				MARKETING_VERSION = 1.0;
				PRODUCT_BUNDLE_IDENTIFIER = com.annomaly.MinimalisticWeather;
				PRODUCT_NAME = "$(TARGET_NAME)";
				SWIFT_EMIT_LOC_STRINGS = YES;
				SWIFT_VERSION = 5.0;
				TARGETED_DEVICE_FAMILY = 1;
			};
			name = Debug;
		};
		1D8A574F28C51C4100882347 /* Release */ = {
			isa = XCBuildConfiguration;
			buildSettings = {
				ASSETCATALOG_COMPILER_APPICON_NAME = AppIcon;
				ASSETCATALOG_COMPILER_GLOBAL_ACCENT_COLOR_NAME = AccentColor;
				ASSETCATALOG_COMPILER_INCLUDE_ALL_APPICON_ASSETS = YES;
				CODE_SIGN_STYLE = Automatic;
				CURRENT_PROJECT_VERSION = 1;
				DEVELOPMENT_TEAM = ZRUHGQ5JX4;
				GENERATE_INFOPLIST_FILE = YES;
				INFOPLIST_FILE = MinimalisticWeather/Info.plist;
				INFOPLIST_KEY_UIApplicationSupportsIndirectInputEvents = YES;
				INFOPLIST_KEY_UILaunchStoryboardName = LaunchScreen;
				INFOPLIST_KEY_UIMainStoryboardFile = Main;
				INFOPLIST_KEY_UISupportedInterfaceOrientations = UIInterfaceOrientationPortrait;
				INFOPLIST_KEY_UISupportedInterfaceOrientations_iPad = "UIInterfaceOrientationPortrait UIInterfaceOrientationPortraitUpsideDown UIInterfaceOrientationLandscapeLeft UIInterfaceOrientationLandscapeRight";
				INFOPLIST_KEY_UISupportedInterfaceOrientations_iPhone = "UIInterfaceOrientationPortrait UIInterfaceOrientationLandscapeLeft UIInterfaceOrientationLandscapeRight";
				IPHONEOS_DEPLOYMENT_TARGET = 15.5;
				LD_RUNPATH_SEARCH_PATHS = (
					"$(inherited)",
					"@executable_path/Frameworks",
				);
				MARKETING_VERSION = 1.0;
				PRODUCT_BUNDLE_IDENTIFIER = com.annomaly.MinimalisticWeather;
				PRODUCT_NAME = "$(TARGET_NAME)";
				SWIFT_EMIT_LOC_STRINGS = YES;
				SWIFT_VERSION = 5.0;
				TARGETED_DEVICE_FAMILY = 1;
			};
			name = Release;
		};
/* End XCBuildConfiguration section */

/* Begin XCConfigurationList section */
		1D8A573428C51C4000882347 /* Build configuration list for PBXProject "MinimalisticWeather" */ = {
			isa = XCConfigurationList;
			buildConfigurations = (
				1D8A574B28C51C4100882347 /* Debug */,
				1D8A574C28C51C4100882347 /* Release */,
			);
			defaultConfigurationIsVisible = 0;
			defaultConfigurationName = Release;
		};
		1D8A574D28C51C4100882347 /* Build configuration list for PBXNativeTarget "MinimalisticWeather" */ = {
			isa = XCConfigurationList;
			buildConfigurations = (
				1D8A574E28C51C4100882347 /* Debug */,
				1D8A574F28C51C4100882347 /* Release */,
			);
			defaultConfigurationIsVisible = 0;
			defaultConfigurationName = Release;
		};
/* End XCConfigurationList section */
	};
	rootObject = 1D8A573128C51C4000882347 /* Project object */;
}
